
Microsoft Visual Studio Solution File, Format Version 12.00
# Visual Studio Version 16
VisualStudioVersion = 16.0.31005.135
MinimumVisualStudioVersion = 10.0.40219.1
Project("{FAE04EC0-301F-11D3-BF4B-00C04F79EFBC}") = "hero", "hero\hero.csproj", "{AD6E07C6-8842-403A-A23B-B36AC339CAAC}"
EndProject
Global
	GlobalSection(SolutionConfigurationPlatforms) = preSolution
		Debug|Any CPU = Debug|Any CPU
		Release|Any CPU = Release|Any CPU
	EndGlobalSection
	GlobalSection(ProjectConfigurationPlatforms) = postSolution
		{AD6E07C6-8842-403A-A23B-B36AC339CAAC}.Debug|Any CPU.ActiveCfg = Debug|Any CPU
		{AD6E07C6-8842-403A-A23B-B36AC339CAAC}.Debug|Any CPU.Build.0 = Debug|Any CPU
		{AD6E07C6-8842-403A-A23B-B36AC339CAAC}.Release|Any CPU.ActiveCfg = Release|Any CPU
		{AD6E07C6-8842-403A-A23B-B36AC339CAAC}.Release|Any CPU.Build.0 = Release|Any CPU
	EndGlobalSection
	GlobalSection(SolutionProperties) = preSolution
		HideSolutionNode = FALSE
	EndGlobalSection
	GlobalSection(ExtensibilityGlobals) = postSolution
		SolutionGuid = {62D81D11-C836-4F4C-BB49-54069FB3BCED}
	EndGlobalSection
EndGlobal
